{
  "name": "oberknecht-emitters",
  "version": "0.0.1",
  "lockfileVersion": 3,
  "requires": true,
  "packages": {
    "": {
      "name": "oberknecht-emitters",
      "version": "0.0.1",
      "license": "MPL-2.0",
      "dependencies": {
        "oberknecht-utils": "^0.0.1"
      }
    },
    "node_modules/oberknecht-utils": {
      "version": "0.0.1",
      "resolved": "https://registry.npmjs.org/oberknecht-utils/-/oberknecht-utils-0.0.1.tgz",
      "integrity": "sha512-AnohvKZ0QUERKjDBkZS00FrrfAQaXDDrb0OxfwpRBq8aCkQZbqH1JWKhcHGIOrfuboSWvS81sOGWF3LFF08cBA=="
    }
  }
}
